
Microsoft Visual Studio Solution File, Format Version 11.00
# Visual Studio 2010
Project("{FAE04EC0-301F-11D3-BF4B-00C04F79EFBC}") = "Assembly-CSharp", "Assembly-CSharp.csproj", "{88C0E2DE-6CC4-EF5E-9803-71E5B215C752}"
EndProject
Project("{FAE04EC0-301F-11D3-BF4B-00C04F79EFBC}") = "Assembly-CSharp-Editor", "Assembly-CSharp-Editor.csproj", "{12157BEA-9E40-5388-C570-E83473E47DD1}"
EndProject
Global
	GlobalSection(SolutionConfigurationPlatforms) = preSolution
		Debug|Any CPU = Debug|Any CPU
		Release|Any CPU = Release|Any CPU
	EndGlobalSection
	GlobalSection(ProjectConfigurationPlatforms) = postSolution
		{88C0E2DE-6CC4-EF5E-9803-71E5B215C752}.Debug|Any CPU.ActiveCfg = Debug|Any CPU
		{88C0E2DE-6CC4-EF5E-9803-71E5B215C752}.Debug|Any CPU.Build.0 = Debug|Any CPU
		{88C0E2DE-6CC4-EF5E-9803-71E5B215C752}.Release|Any CPU.ActiveCfg = Release|Any CPU
		{88C0E2DE-6CC4-EF5E-9803-71E5B215C752}.Release|Any CPU.Build.0 = Release|Any CPU
		{12157BEA-9E40-5388-C570-E83473E47DD1}.Debug|Any CPU.ActiveCfg = Debug|Any CPU
		{12157BEA-9E40-5388-C570-E83473E47DD1}.Debug|Any CPU.Build.0 = Debug|Any CPU
		{12157BEA-9E40-5388-C570-E83473E47DD1}.Release|Any CPU.ActiveCfg = Release|Any CPU
		{12157BEA-9E40-5388-C570-E83473E47DD1}.Release|Any CPU.Build.0 = Release|Any CPU
	EndGlobalSection
	GlobalSection(SolutionProperties) = preSolution
		HideSolutionNode = FALSE
	EndGlobalSection
EndGlobal
